// !$*UTF8*$!
{
	archiveVersion = 1;
	classes = {
	};
	objectVersion = 55;
	objects = {

/* Begin PBXBuildFile section */
		927F440BD7BC4A0A0FC966D9 /* Pods_My_App.framework in Frameworks */ = {isa = PBXBuildFile; fileRef = 5164A0BF38C79EE7BE2F3A3F /* Pods_My_App.framework */; };
		D00B4C83277486D40049C850 /* RestaurantTableViewCell.swift in Sources */ = {isa = PBXBuildFile; fileRef = D00B4C82277486D40049C850 /* RestaurantTableViewCell.swift */; };
		D00E1E702769D728006BD5FB /* LoginBusnessViewController.swift in Sources */ = {isa = PBXBuildFile; fileRef = D00E1E6F2769D728006BD5FB /* LoginBusnessViewController.swift */; };
		D01C856A2771C83600480679 /* Post.swift in Sources */ = {isa = PBXBuildFile; fileRef = D01C85692771C83600480679 /* Post.swift */; };
		D02A727B2769FA4F007C2CC9 /* TabBarViewController.swift in Sources */ = {isa = PBXBuildFile; fileRef = D02A727A2769FA4F007C2CC9 /* TabBarViewController.swift */; };
		D03009212768B64B0020CB6F /* Constants.swift in Sources */ = {isa = PBXBuildFile; fileRef = D03009202768B64B0020CB6F /* Constants.swift */; };
		D030099B2769D14E0020CB6F /* constant.swift in Sources */ = {isa = PBXBuildFile; fileRef = D030099A2769D14E0020CB6F /* constant.swift */; };
		D030099F2769D4330020CB6F /* SignUpBusnessViewController.swift in Sources */ = {isa = PBXBuildFile; fileRef = D030099E2769D4330020CB6F /* SignUpBusnessViewController.swift */; };
		D08EAD4927674F2200902D71 /* SignUpViewController.swift in Sources */ = {isa = PBXBuildFile; fileRef = D08EAD4827674F2200902D71 /* SignUpViewController.swift */; };
		D08EAD4B27674F3600902D71 /* LoginViewController.swift in Sources */ = {isa = PBXBuildFile; fileRef = D08EAD4A27674F3600902D71 /* LoginViewController.swift */; };
		D08EAD4D27674F3E00902D71 /* HomeViewController.swift in Sources */ = {isa = PBXBuildFile; fileRef = D08EAD4C27674F3E00902D71 /* HomeViewController.swift */; };
		D08EAD522767604F00902D71 /* Utilities.swift in Sources */ = {isa = PBXBuildFile; fileRef = D08EAD512767604F00902D71 /* Utilities.swift */; };
		D08EAD56276762AC00902D71 /* HomePersonViewController.swift in Sources */ = {isa = PBXBuildFile; fileRef = D08EAD55276762AC00902D71 /* HomePersonViewController.swift */; };
		D08EAD5A27676D3900902D71 /* GoogleService-Info.plist in Resources */ = {isa = PBXBuildFile; fileRef = D08EAD5927676D3900902D71 /* GoogleService-Info.plist */; };
		D0B99D2D276F18C500526887 /* PersonModel.swift in Sources */ = {isa = PBXBuildFile; fileRef = D0B99D2C276F18C500526887 /* PersonModel.swift */; };
		D0C1B02927749383002E3E0A /* DetailsViewController.swift in Sources */ = {isa = PBXBuildFile; fileRef = D0C1B02827749383002E3E0A /* DetailsViewController.swift */; };
		D0C1B02B27785F32002E3E0A /* Spot.swift in Sources */ = {isa = PBXBuildFile; fileRef = D0C1B02A27785F32002E3E0A /* Spot.swift */; };
		D0C1B02E277886E4002E3E0A /* UIViewController.swift in Sources */ = {isa = PBXBuildFile; fileRef = D0C1B02D277886E4002E3E0A /* UIViewController.swift */; };
		D0C1B032277895F2002E3E0A /* BusinessOflistRestaurantTableViewCell.swift in Sources */ = {isa = PBXBuildFile; fileRef = D0C1B031277895F2002E3E0A /* BusinessOflistRestaurantTableViewCell.swift */; };
		D0E59F042761EE6500EB3D2A /* AppDelegate.swift in Sources */ = {isa = PBXBuildFile; fileRef = D0E59F032761EE6500EB3D2A /* AppDelegate.swift */; };
		D0E59F062761EE6500EB3D2A /* SceneDelegate.swift in Sources */ = {isa = PBXBuildFile; fileRef = D0E59F052761EE6500EB3D2A /* SceneDelegate.swift */; };
		D0E59F082761EE6500EB3D2A /* ViewController.swift in Sources */ = {isa = PBXBuildFile; fileRef = D0E59F072761EE6500EB3D2A /* ViewController.swift */; };
		D0E59F0B2761EE6500EB3D2A /* Main.storyboard in Resources */ = {isa = PBXBuildFile; fileRef = D0E59F092761EE6500EB3D2A /* Main.storyboard */; };
		D0E59F0D2761EE6700EB3D2A /* Assets.xcassets in Resources */ = {isa = PBXBuildFile; fileRef = D0E59F0C2761EE6700EB3D2A /* Assets.xcassets */; };
		D0E59F102761EE6700EB3D2A /* LaunchScreen.storyboard in Resources */ = {isa = PBXBuildFile; fileRef = D0E59F0E2761EE6700EB3D2A /* LaunchScreen.storyboard */; };
/* End PBXBuildFile section */

/* Begin PBXFileReference section */
		5164A0BF38C79EE7BE2F3A3F /* Pods_My_App.framework */ = {isa = PBXFileReference; explicitFileType = wrapper.framework; includeInIndex = 0; path = Pods_My_App.framework; sourceTree = BUILT_PRODUCTS_DIR; };
		A25BAD1D25740973D73AAC3A /* Pods-My App.debug.xcconfig */ = {isa = PBXFileReference; includeInIndex = 1; lastKnownFileType = text.xcconfig; name = "Pods-My App.debug.xcconfig"; path = "Target Support Files/Pods-My App/Pods-My App.debug.xcconfig"; sourceTree = "<group>"; };
		BC49EF82932ACD2BF89A896C /* Pods-My App.release.xcconfig */ = {isa = PBXFileReference; includeInIndex = 1; lastKnownFileType = text.xcconfig; name = "Pods-My App.release.xcconfig"; path = "Target Support Files/Pods-My App/Pods-My App.release.xcconfig"; sourceTree = "<group>"; };
		D00B4C82277486D40049C850 /* RestaurantTableViewCell.swift */ = {isa = PBXFileReference; lastKnownFileType = sourcecode.swift; path = RestaurantTableViewCell.swift; sourceTree = "<group>"; };
		D00E1E6F2769D728006BD5FB /* LoginBusnessViewController.swift */ = {isa = PBXFileReference; lastKnownFileType = sourcecode.swift; path = LoginBusnessViewController.swift; sourceTree = "<group>"; };
		D01C85692771C83600480679 /* Post.swift */ = {isa = PBXFileReference; lastKnownFileType = sourcecode.swift; path = Post.swift; sourceTree = "<group>"; };
		D02A727A2769FA4F007C2CC9 /* TabBarViewController.swift */ = {isa = PBXFileReference; lastKnownFileType = sourcecode.swift; path = TabBarViewController.swift; sourceTree = "<group>"; };
		D03009202768B64B0020CB6F /* Constants.swift */ = {isa = PBXFileReference; fileEncoding = 4; lastKnownFileType = sourcecode.swift; path = Constants.swift; sourceTree = "<group>"; };
		D030099A2769D14E0020CB6F /* constant.swift */ = {isa = PBXFileReference; lastKnownFileType = sourcecode.swift; path = constant.swift; sourceTree = "<group>"; };
		D030099E2769D4330020CB6F /* SignUpBusnessViewController.swift */ = {isa = PBXFileReference; lastKnownFileType = sourcecode.swift; path = SignUpBusnessViewController.swift; sourceTree = "<group>"; };
		D08EAD4827674F2200902D71 /* SignUpViewController.swift */ = {isa = PBXFileReference; lastKnownFileType = sourcecode.swift; path = SignUpViewController.swift; sourceTree = "<group>"; };
		D08EAD4A27674F3600902D71 /* LoginViewController.swift */ = {isa = PBXFileReference; lastKnownFileType = sourcecode.swift; path = LoginViewController.swift; sourceTree = "<group>"; };
		D08EAD4C27674F3E00902D71 /* HomeViewController.swift */ = {isa = PBXFileReference; lastKnownFileType = sourcecode.swift; path = HomeViewController.swift; sourceTree = "<group>"; };
		D08EAD512767604F00902D71 /* Utilities.swift */ = {isa = PBXFileReference; fileEncoding = 4; lastKnownFileType = sourcecode.swift; path = Utilities.swift; sourceTree = "<group>"; };
		D08EAD55276762AC00902D71 /* HomePersonViewController.swift */ = {isa = PBXFileReference; lastKnownFileType = sourcecode.swift; path = HomePersonViewController.swift; sourceTree = "<group>"; };
		D08EAD5927676D3900902D71 /* GoogleService-Info.plist */ = {isa = PBXFileReference; fileEncoding = 4; lastKnownFileType = text.plist.xml; path = "GoogleService-Info.plist"; sourceTree = "<group>"; };
		D0B99D2C276F18C500526887 /* PersonModel.swift */ = {isa = PBXFileReference; lastKnownFileType = sourcecode.swift; path = PersonModel.swift; sourceTree = "<group>"; };
		D0C1B02827749383002E3E0A /* DetailsViewController.swift */ = {isa = PBXFileReference; lastKnownFileType = sourcecode.swift; path = DetailsViewController.swift; sourceTree = "<group>"; };
		D0C1B02A27785F32002E3E0A /* Spot.swift */ = {isa = PBXFileReference; lastKnownFileType = sourcecode.swift; path = Spot.swift; sourceTree = "<group>"; };
		D0C1B02D277886E4002E3E0A /* UIViewController.swift */ = {isa = PBXFileReference; lastKnownFileType = sourcecode.swift; path = UIViewController.swift; sourceTree = "<group>"; };
		D0C1B031277895F2002E3E0A /* BusinessOflistRestaurantTableViewCell.swift */ = {isa = PBXFileReference; lastKnownFileType = sourcecode.swift; path = BusinessOflistRestaurantTableViewCell.swift; sourceTree = "<group>"; };
		D0E59F002761EE6500EB3D2A /* My App.app */ = {isa = PBXFileReference; explicitFileType = wrapper.application; includeInIndex = 0; path = "My App.app"; sourceTree = BUILT_PRODUCTS_DIR; };
		D0E59F032761EE6500EB3D2A /* AppDelegate.swift */ = {isa = PBXFileReference; lastKnownFileType = sourcecode.swift; path = AppDelegate.swift; sourceTree = "<group>"; };
		D0E59F052761EE6500EB3D2A /* SceneDelegate.swift */ = {isa = PBXFileReference; lastKnownFileType = sourcecode.swift; path = SceneDelegate.swift; sourceTree = "<group>"; };
		D0E59F072761EE6500EB3D2A /* ViewController.swift */ = {isa = PBXFileReference; lastKnownFileType = sourcecode.swift; path = ViewController.swift; sourceTree = "<group>"; };
		D0E59F0A2761EE6500EB3D2A /* Base */ = {isa = PBXFileReference; lastKnownFileType = file.storyboard; name = Base; path = Base.lproj/Main.storyboard; sourceTree = "<group>"; };
		D0E59F0C2761EE6700EB3D2A /* Assets.xcassets */ = {isa = PBXFileReference; lastKnownFileType = folder.assetcatalog; path = Assets.xcassets; sourceTree = "<group>"; };
		D0E59F0F2761EE6700EB3D2A /* Base */ = {isa = PBXFileReference; lastKnownFileType = file.storyboard; name = Base; path = Base.lproj/LaunchScreen.storyboard; sourceTree = "<group>"; };
		D0E59F112761EE6700EB3D2A /* Info.plist */ = {isa = PBXFileReference; lastKnownFileType = text.plist.xml; path = Info.plist; sourceTree = "<group>"; };
/* End PBXFileReference section */

/* Begin PBXFrameworksBuildPhase section */
		D0E59EFD2761EE6500EB3D2A /* Frameworks */ = {
			isa = PBXFrameworksBuildPhase;
			buildActionMask = 2147483647;
			files = (
				927F440BD7BC4A0A0FC966D9 /* Pods_My_App.framework in Frameworks */,
			);
			runOnlyForDeploymentPostprocessing = 0;
		};
/* End PBXFrameworksBuildPhase section */

/* Begin PBXGroup section */
		3E4E9E41E6E7F8552303C76D /* Pods */ = {
			isa = PBXGroup;
			children = (
				A25BAD1D25740973D73AAC3A /* Pods-My App.debug.xcconfig */,
				BC49EF82932ACD2BF89A896C /* Pods-My App.release.xcconfig */,
			);
			path = Pods;
			sourceTree = "<group>";
		};
		71E6E19E99146B4EF0E73A32 /* Frameworks */ = {
			isa = PBXGroup;
			children = (
				5164A0BF38C79EE7BE2F3A3F /* Pods_My_App.framework */,
			);
			name = Frameworks;
			sourceTree = "<group>";
		};
		D00E1E712769E35E006BD5FB /* Support */ = {
			isa = PBXGroup;
			children = (
				D0E59F032761EE6500EB3D2A /* AppDelegate.swift */,
				D0E59F0E2761EE6700EB3D2A /* LaunchScreen.storyboard */,
				D0E59F0C2761EE6700EB3D2A /* Assets.xcassets */,
				D0E59F052761EE6500EB3D2A /* SceneDelegate.swift */,
			);
			path = Support;
			sourceTree = "<group>";
		};
		D00E1E722769E371006BD5FB /* View */ = {
			isa = PBXGroup;
			children = (
				D0E59F092761EE6500EB3D2A /* Main.storyboard */,
			);
			path = View;
			sourceTree = "<group>";
		};
		D030099C2769D1830020CB6F /* person */ = {
			isa = PBXGroup;
			children = (
				D08EAD4827674F2200902D71 /* SignUpViewController.swift */,
				D00B4C82277486D40049C850 /* RestaurantTableViewCell.swift */,
				D02A727A2769FA4F007C2CC9 /* TabBarViewController.swift */,
				D08EAD4A27674F3600902D71 /* LoginViewController.swift */,
				D08EAD55276762AC00902D71 /* HomePersonViewController.swift */,
			);
			path = person;
			sourceTree = "<group>";
		};
		D030099D2769D1B70020CB6F /* busness */ = {
			isa = PBXGroup;
			children = (
				D030099E2769D4330020CB6F /* SignUpBusnessViewController.swift */,
				D08EAD4C27674F3E00902D71 /* HomeViewController.swift */,
				D0C1B02827749383002E3E0A /* DetailsViewController.swift */,
				D00E1E6F2769D728006BD5FB /* LoginBusnessViewController.swift */,
				D0C1B031277895F2002E3E0A /* BusinessOflistRestaurantTableViewCell.swift */,
			);
			path = busness;
			sourceTree = "<group>";
		};
		D08EAD4727674EF500902D71 /* Controller */ = {
			isa = PBXGroup;
			children = (
				D030099C2769D1830020CB6F /* person */,
				D030099D2769D1B70020CB6F /* busness */,
				D0E59F072761EE6500EB3D2A /* ViewController.swift */,
			);
			path = Controller;
			sourceTree = "<group>";
		};
		D08EAD4E27675E0800902D71 /* Helpers */ = {
			isa = PBXGroup;
			children = (
				D08EAD512767604F00902D71 /* Utilities.swift */,
				D03009202768B64B0020CB6F /* Constants.swift */,
				D030099A2769D14E0020CB6F /* constant.swift */,
			);
			path = Helpers;
			sourceTree = "<group>";
		};
		D0B99D2B276F189900526887 /* Models */ = {
			isa = PBXGroup;
			children = (
				D0B99D2C276F18C500526887 /* PersonModel.swift */,
				D01C85692771C83600480679 /* Post.swift */,
				D0C1B02A27785F32002E3E0A /* Spot.swift */,
			);
			path = Models;
			sourceTree = "<group>";
		};
		D0C1B02C277886C6002E3E0A /* Ext */ = {
			isa = PBXGroup;
			children = (
				D0C1B02D277886E4002E3E0A /* UIViewController.swift */,
			);
			path = Ext;
			sourceTree = "<group>";
		};
		D0E59EF72761EE6500EB3D2A = {
			isa = PBXGroup;
			children = (
				D0E59F022761EE6500EB3D2A /* My App */,
				D0E59F012761EE6500EB3D2A /* Products */,
				3E4E9E41E6E7F8552303C76D /* Pods */,
				71E6E19E99146B4EF0E73A32 /* Frameworks */,
			);
			sourceTree = "<group>";
		};
		D0E59F012761EE6500EB3D2A /* Products */ = {
			isa = PBXGroup;
			children = (
				D0E59F002761EE6500EB3D2A /* My App.app */,
			);
			name = Products;
			sourceTree = "<group>";
		};
		D0E59F022761EE6500EB3D2A /* My App */ = {
			isa = PBXGroup;
			children = (
				D0C1B02C277886C6002E3E0A /* Ext */,
				D0B99D2B276F189900526887 /* Models */,
				D08EAD4E27675E0800902D71 /* Helpers */,
				D08EAD4727674EF500902D71 /* Controller */,
				D00E1E722769E371006BD5FB /* View */,
				D00E1E712769E35E006BD5FB /* Support */,
				D08EAD5927676D3900902D71 /* GoogleService-Info.plist */,
				D0E59F112761EE6700EB3D2A /* Info.plist */,
			);
			path = "My App";
			sourceTree = "<group>";
		};
/* End PBXGroup section */

/* Begin PBXNativeTarget section */
		D0E59EFF2761EE6500EB3D2A /* My App */ = {
			isa = PBXNativeTarget;
			buildConfigurationList = D0E59F142761EE6700EB3D2A /* Build configuration list for PBXNativeTarget "My App" */;
			buildPhases = (
				25999F332DEE7CD7BEC9FC5E /* [CP] Check Pods Manifest.lock */,
				D0E59EFC2761EE6500EB3D2A /* Sources */,
				D0E59EFD2761EE6500EB3D2A /* Frameworks */,
				D0E59EFE2761EE6500EB3D2A /* Resources */,
				5EF95F137015861C6E02617A /* [CP] Embed Pods Frameworks */,
				2FCBC9C0A473FE105331F333 /* [CP] Copy Pods Resources */,
			);
			buildRules = (
			);
			dependencies = (
			);
			name = "My App";
			productName = "My App";
			productReference = D0E59F002761EE6500EB3D2A /* My App.app */;
			productType = "com.apple.product-type.application";
		};
/* End PBXNativeTarget section */

/* Begin PBXProject section */
		D0E59EF82761EE6500EB3D2A /* Project object */ = {
			isa = PBXProject;
			attributes = {
				BuildIndependentTargetsInParallel = 1;
				LastSwiftUpdateCheck = 1310;
				LastUpgradeCheck = 1310;
				TargetAttributes = {
					D0E59EFF2761EE6500EB3D2A = {
						CreatedOnToolsVersion = 13.1;
					};
				};
			};
			buildConfigurationList = D0E59EFB2761EE6500EB3D2A /* Build configuration list for PBXProject "My App" */;
			compatibilityVersion = "Xcode 13.0";
			developmentRegion = en;
			hasScannedForEncodings = 0;
			knownRegions = (
				en,
				Base,
			);
			mainGroup = D0E59EF72761EE6500EB3D2A;
			productRefGroup = D0E59F012761EE6500EB3D2A /* Products */;
			projectDirPath = "";
			projectRoot = "";
			targets = (
				D0E59EFF2761EE6500EB3D2A /* My App */,
			);
		};
/* End PBXProject section */

/* Begin PBXResourcesBuildPhase section */
		D0E59EFE2761EE6500EB3D2A /* Resources */ = {
			isa = PBXResourcesBuildPhase;
			buildActionMask = 2147483647;
			files = (
				D0E59F102761EE6700EB3D2A /* LaunchScreen.storyboard in Resources */,
				D08EAD5A27676D3900902D71 /* GoogleService-Info.plist in Resources */,
				D0E59F0D2761EE6700EB3D2A /* Assets.xcassets in Resources */,
				D0E59F0B2761EE6500EB3D2A /* Main.storyboard in Resources */,
			);
			runOnlyForDeploymentPostprocessing = 0;
		};
/* End PBXResourcesBuildPhase section */

/* Begin PBXShellScriptBuildPhase section */
		25999F332DEE7CD7BEC9FC5E /* [CP] Check Pods Manifest.lock */ = {
			isa = PBXShellScriptBuildPhase;
			buildActionMask = 2147483647;
			files = (
			);
			inputFileListPaths = (
			);
			inputPaths = (
				"${PODS_PODFILE_DIR_PATH}/Podfile.lock",
				"${PODS_ROOT}/Manifest.lock",
			);
			name = "[CP] Check Pods Manifest.lock";
			outputFileListPaths = (
			);
			outputPaths = (
				"$(DERIVED_FILE_DIR)/Pods-My App-checkManifestLockResult.txt",
			);
			runOnlyForDeploymentPostprocessing = 0;
			shellPath = /bin/sh;
			shellScript = "diff \"${PODS_PODFILE_DIR_PATH}/Podfile.lock\" \"${PODS_ROOT}/Manifest.lock\" > /dev/null\nif [ $? != 0 ] ; then\n    # print error to STDERR\n    echo \"error: The sandbox is not in sync with the Podfile.lock. Run 'pod install' or update your CocoaPods installation.\" >&2\n    exit 1\nfi\n# This output is used by Xcode 'outputs' to avoid re-running this script phase.\necho \"SUCCESS\" > \"${SCRIPT_OUTPUT_FILE_0}\"\n";
			showEnvVarsInLog = 0;
		};
		2FCBC9C0A473FE105331F333 /* [CP] Copy Pods Resources */ = {
			isa = PBXShellScriptBuildPhase;
			buildActionMask = 2147483647;
			files = (
			);
			inputFileListPaths = (
				"${PODS_ROOT}/Target Support Files/Pods-My App/Pods-My App-resources-${CONFIGURATION}-input-files.xcfilelist",
			);
			name = "[CP] Copy Pods Resources";
			outputFileListPaths = (
				"${PODS_ROOT}/Target Support Files/Pods-My App/Pods-My App-resources-${CONFIGURATION}-output-files.xcfilelist",
			);
			runOnlyForDeploymentPostprocessing = 0;
			shellPath = /bin/sh;
			shellScript = "\"${PODS_ROOT}/Target Support Files/Pods-My App/Pods-My App-resources.sh\"\n";
			showEnvVarsInLog = 0;
		};
		5EF95F137015861C6E02617A /* [CP] Embed Pods Frameworks */ = {
			isa = PBXShellScriptBuildPhase;
			buildActionMask = 2147483647;
			files = (
			);
			inputFileListPaths = (
				"${PODS_ROOT}/Target Support Files/Pods-My App/Pods-My App-frameworks-${CONFIGURATION}-input-files.xcfilelist",
			);
			name = "[CP] Embed Pods Frameworks";
			outputFileListPaths = (
				"${PODS_ROOT}/Target Support Files/Pods-My App/Pods-My App-frameworks-${CONFIGURATION}-output-files.xcfilelist",
			);
			runOnlyForDeploymentPostprocessing = 0;
			shellPath = /bin/sh;
			shellScript = "\"${PODS_ROOT}/Target Support Files/Pods-My App/Pods-My App-frameworks.sh\"\n";
			showEnvVarsInLog = 0;
		};
/* End PBXShellScriptBuildPhase section */

/* Begin PBXSourcesBuildPhase section */
		D0E59EFC2761EE6500EB3D2A /* Sources */ = {
			isa = PBXSourcesBuildPhase;
			buildActionMask = 2147483647;
			files = (
				D08EAD56276762AC00902D71 /* HomePersonViewController.swift in Sources */,
				D0E59F082761EE6500EB3D2A /* ViewController.swift in Sources */,
				D0E59F042761EE6500EB3D2A /* AppDelegate.swift in Sources */,
				D0C1B02E277886E4002E3E0A /* UIViewController.swift in Sources */,
				D08EAD522767604F00902D71 /* Utilities.swift in Sources */,
				D01C856A2771C83600480679 /* Post.swift in Sources */,
				D03009212768B64B0020CB6F /* Constants.swift in Sources */,
				D0C1B032277895F2002E3E0A /* BusinessOflistRestaurantTableViewCell.swift in Sources */,
				D08EAD4927674F2200902D71 /* SignUpViewController.swift in Sources */,
				D0C1B02B27785F32002E3E0A /* Spot.swift in Sources */,
				D02A727B2769FA4F007C2CC9 /* TabBarViewController.swift in Sources */,
				D08EAD4B27674F3600902D71 /* LoginViewController.swift in Sources */,
				D0C1B02927749383002E3E0A /* DetailsViewController.swift in Sources */,
				D030099F2769D4330020CB6F /* SignUpBusnessViewController.swift in Sources */,
				D00E1E702769D728006BD5FB /* LoginBusnessViewController.swift in Sources */,
				D0E59F062761EE6500EB3D2A /* SceneDelegate.swift in Sources */,
				D08EAD4D27674F3E00902D71 /* HomeViewController.swift in Sources */,
				D0B99D2D276F18C500526887 /* PersonModel.swift in Sources */,
				D030099B2769D14E0020CB6F /* constant.swift in Sources */,
				D00B4C83277486D40049C850 /* RestaurantTableViewCell.swift in Sources */,
			);
			runOnlyForDeploymentPostprocessing = 0;
		};
/* End PBXSourcesBuildPhase section */

/* Begin PBXVariantGroup section */
		D0E59F092761EE6500EB3D2A /* Main.storyboard */ = {
			isa = PBXVariantGroup;
			children = (
				D0E59F0A2761EE6500EB3D2A /* Base */,
			);
			name = Main.storyboard;
			sourceTree = "<group>";
		};
		D0E59F0E2761EE6700EB3D2A /* LaunchScreen.storyboard */ = {
			isa = PBXVariantGroup;
			children = (
				D0E59F0F2761EE6700EB3D2A /* Base */,
			);
			name = LaunchScreen.storyboard;
			sourceTree = "<group>";
		};
/* End PBXVariantGroup section */

/* Begin XCBuildConfiguration section */
		D0E59F122761EE6700EB3D2A /* Debug */ = {
			isa = XCBuildConfiguration;
			buildSettings = {
				ALWAYS_SEARCH_USER_PATHS = NO;
				CLANG_ANALYZER_NONNULL = YES;
				CLANG_ANALYZER_NUMBER_OBJECT_CONVERSION = YES_AGGRESSIVE;
				CLANG_CXX_LANGUAGE_STANDARD = "gnu++17";
				CLANG_CXX_LIBRARY = "libc++";
				CLANG_ENABLE_MODULES = YES;
				CLANG_ENABLE_OBJC_ARC = YES;
				CLANG_ENABLE_OBJC_WEAK = YES;
				CLANG_WARN_BLOCK_CAPTURE_AUTORELEASING = YES;
				CLANG_WARN_BOOL_CONVERSION = YES;
				CLANG_WARN_COMMA = YES;
				CLANG_WARN_CONSTANT_CONVERSION = YES;
				CLANG_WARN_DEPRECATED_OBJC_IMPLEMENTATIONS = YES;
				CLANG_WARN_DIRECT_OBJC_ISA_USAGE = YES_ERROR;
				CLANG_WARN_DOCUMENTATION_COMMENTS = YES;
				CLANG_WARN_EMPTY_BODY = YES;
				CLANG_WARN_ENUM_CONVERSION = YES;
				CLANG_WARN_INFINITE_RECURSION = YES;
				CLANG_WARN_INT_CONVERSION = YES;
				CLANG_WARN_NON_LITERAL_NULL_CONVERSION = YES;
				CLANG_WARN_OBJC_IMPLICIT_RETAIN_SELF = YES;
				CLANG_WARN_OBJC_LITERAL_CONVERSION = YES;
				CLANG_WARN_OBJC_ROOT_CLASS = YES_ERROR;
				CLANG_WARN_QUOTED_INCLUDE_IN_FRAMEWORK_HEADER = YES;
				CLANG_WARN_RANGE_LOOP_ANALYSIS = YES;
				CLANG_WARN_STRICT_PROTOTYPES = YES;
				CLANG_WARN_SUSPICIOUS_MOVE = YES;
				CLANG_WARN_UNGUARDED_AVAILABILITY = YES_AGGRESSIVE;
				CLANG_WARN_UNREACHABLE_CODE = YES;
				CLANG_WARN__DUPLICATE_METHOD_MATCH = YES;
				COPY_PHASE_STRIP = NO;
				DEBUG_INFORMATION_FORMAT = dwarf;
				ENABLE_STRICT_OBJC_MSGSEND = YES;
				ENABLE_TESTABILITY = YES;
				GCC_C_LANGUAGE_STANDARD = gnu11;
				GCC_DYNAMIC_NO_PIC = NO;
				GCC_NO_COMMON_BLOCKS = YES;
				GCC_OPTIMIZATION_LEVEL = 0;
				GCC_PREPROCESSOR_DEFINITIONS = (
					"DEBUG=1",
					"$(inherited)",
				);
				GCC_WARN_64_TO_32_BIT_CONVERSION = YES;
				GCC_WARN_ABOUT_RETURN_TYPE = YES_ERROR;
				GCC_WARN_UNDECLARED_SELECTOR = YES;
				GCC_WARN_UNINITIALIZED_AUTOS = YES_AGGRESSIVE;
				GCC_WARN_UNUSED_FUNCTION = YES;
				GCC_WARN_UNUSED_VARIABLE = YES;
				IPHONEOS_DEPLOYMENT_TARGET = 15.0;
				MTL_ENABLE_DEBUG_INFO = INCLUDE_SOURCE;
				MTL_FAST_MATH = YES;
				ONLY_ACTIVE_ARCH = YES;
				SDKROOT = iphoneos;
				SWIFT_ACTIVE_COMPILATION_CONDITIONS = DEBUG;
				SWIFT_OPTIMIZATION_LEVEL = "-Onone";
			};
			name = Debug;
		};
		D0E59F132761EE6700EB3D2A /* Release */ = {
			isa = XCBuildConfiguration;
			buildSettings = {
				ALWAYS_SEARCH_USER_PATHS = NO;
				CLANG_ANALYZER_NONNULL = YES;
				CLANG_ANALYZER_NUMBER_OBJECT_CONVERSION = YES_AGGRESSIVE;
				CLANG_CXX_LANGUAGE_STANDARD = "gnu++17";
				CLANG_CXX_LIBRARY = "libc++";
				CLANG_ENABLE_MODULES = YES;
				CLANG_ENABLE_OBJC_ARC = YES;
				CLANG_ENABLE_OBJC_WEAK = YES;
				CLANG_WARN_BLOCK_CAPTURE_AUTORELEASING = YES;
				CLANG_WARN_BOOL_CONVERSION = YES;
				CLANG_WARN_COMMA = YES;
				CLANG_WARN_CONSTANT_CONVERSION = YES;
				CLANG_WARN_DEPRECATED_OBJC_IMPLEMENTATIONS = YES;
				CLANG_WARN_DIRECT_OBJC_ISA_USAGE = YES_ERROR;
				CLANG_WARN_DOCUMENTATION_COMMENTS = YES;
				CLANG_WARN_EMPTY_BODY = YES;
				CLANG_WARN_ENUM_CONVERSION = YES;
				CLANG_WARN_INFINITE_RECURSION = YES;
				CLANG_WARN_INT_CONVERSION = YES;
				CLANG_WARN_NON_LITERAL_NULL_CONVERSION = YES;
				CLANG_WARN_OBJC_IMPLICIT_RETAIN_SELF = YES;
				CLANG_WARN_OBJC_LITERAL_CONVERSION = YES;
				CLANG_WARN_OBJC_ROOT_CLASS = YES_ERROR;
				CLANG_WARN_QUOTED_INCLUDE_IN_FRAMEWORK_HEADER = YES;
				CLANG_WARN_RANGE_LOOP_ANALYSIS = YES;
				CLANG_WARN_STRICT_PROTOTYPES = YES;
				CLANG_WARN_SUSPICIOUS_MOVE = YES;
				CLANG_WARN_UNGUARDED_AVAILABILITY = YES_AGGRESSIVE;
				CLANG_WARN_UNREACHABLE_CODE = YES;
				CLANG_WARN__DUPLICATE_METHOD_MATCH = YES;
				COPY_PHASE_STRIP = NO;
				DEBUG_INFORMATION_FORMAT = "dwarf-with-dsym";
				ENABLE_NS_ASSERTIONS = NO;
				ENABLE_STRICT_OBJC_MSGSEND = YES;
				GCC_C_LANGUAGE_STANDARD = gnu11;
				GCC_NO_COMMON_BLOCKS = YES;
				GCC_WARN_64_TO_32_BIT_CONVERSION = YES;
				GCC_WARN_ABOUT_RETURN_TYPE = YES_ERROR;
				GCC_WARN_UNDECLARED_SELECTOR = YES;
				GCC_WARN_UNINITIALIZED_AUTOS = YES_AGGRESSIVE;
				GCC_WARN_UNUSED_FUNCTION = YES;
				GCC_WARN_UNUSED_VARIABLE = YES;
				IPHONEOS_DEPLOYMENT_TARGET = 15.0;
				MTL_ENABLE_DEBUG_INFO = NO;
				MTL_FAST_MATH = YES;
				SDKROOT = iphoneos;
				SWIFT_COMPILATION_MODE = wholemodule;
				SWIFT_OPTIMIZATION_LEVEL = "-O";
				VALIDATE_PRODUCT = YES;
			};
			name = Release;
		};
		D0E59F152761EE6700EB3D2A /* Debug */ = {
			isa = XCBuildConfiguration;
			baseConfigurationReference = A25BAD1D25740973D73AAC3A /* Pods-My App.debug.xcconfig */;
			buildSettings = {
				ASSETCATALOG_COMPILER_APPICON_NAME = AppIcon;
				ASSETCATALOG_COMPILER_GLOBAL_ACCENT_COLOR_NAME = AccentColor;
				CODE_SIGN_STYLE = Automatic;
				CURRENT_PROJECT_VERSION = 1;
				DEVELOPMENT_TEAM = Z8U674F97U;
				EXCLUDED_ARCHS = "";
				"EXCLUDED_ARCHS[sdk=iphonesimulator*]" = arm64;
				GENERATE_INFOPLIST_FILE = YES;
				INFOPLIST_FILE = "My App/Info.plist";
				INFOPLIST_KEY_UIApplicationSupportsIndirectInputEvents = YES;
				INFOPLIST_KEY_UILaunchStoryboardName = LaunchScreen;
				INFOPLIST_KEY_UIMainStoryboardFile = Main;
				INFOPLIST_KEY_UISupportedInterfaceOrientations_iPad = "UIInterfaceOrientationPortrait UIInterfaceOrientationPortraitUpsideDown UIInterfaceOrientationLandscapeLeft UIInterfaceOrientationLandscapeRight";
				INFOPLIST_KEY_UISupportedInterfaceOrientations_iPhone = "UIInterfaceOrientationPortrait UIInterfaceOrientationLandscapeLeft UIInterfaceOrientationLandscapeRight";
				IPHONEOS_DEPLOYMENT_TARGET = 15.0;
				LD_RUNPATH_SEARCH_PATHS = (
					"$(inherited)",
					"@executable_path/Frameworks",
				);
				MARKETING_VERSION = 1.0;
				PRODUCT_BUNDLE_IDENTIFIER = "com.danah.My-App";
				PRODUCT_NAME = "$(TARGET_NAME)";
				SWIFT_EMIT_LOC_STRINGS = YES;
				SWIFT_VERSION = 5.0;
				TARGETED_DEVICE_FAMILY = "1,2";
			};
			name = Debug;
		};
		D0E59F162761EE6700EB3D2A /* Release */ = {
			isa = XCBuildConfiguration;
			baseConfigurationReference = BC49EF82932ACD2BF89A896C /* Pods-My App.release.xcconfig */;
			buildSettings = {
				ASSETCATALOG_COMPILER_APPICON_NAME = AppIcon;
				ASSETCATALOG_COMPILER_GLOBAL_ACCENT_COLOR_NAME = AccentColor;
				CODE_SIGN_STYLE = Automatic;
				CURRENT_PROJECT_VERSION = 1;
				DEVELOPMENT_TEAM = Z8U674F97U;
				"EXCLUDED_ARCHS[sdk=iphonesimulator*]" = arm64;
				GENERATE_INFOPLIST_FILE = YES;
				INFOPLIST_FILE = "My App/Info.plist";
				INFOPLIST_KEY_UIApplicationSupportsIndirectInputEvents = YES;
				INFOPLIST_KEY_UILaunchStoryboardName = LaunchScreen;
				INFOPLIST_KEY_UIMainStoryboardFile = Main;
				INFOPLIST_KEY_UISupportedInterfaceOrientations_iPad = "UIInterfaceOrientationPortrait UIInterfaceOrientationPortraitUpsideDown UIInterfaceOrientationLandscapeLeft UIInterfaceOrientationLandscapeRight";
				INFOPLIST_KEY_UISupportedInterfaceOrientations_iPhone = "UIInterfaceOrientationPortrait UIInterfaceOrientationLandscapeLeft UIInterfaceOrientationLandscapeRight";
				IPHONEOS_DEPLOYMENT_TARGET = 15.0;
				LD_RUNPATH_SEARCH_PATHS = (
					"$(inherited)",
					"@executable_path/Frameworks",
				);
				MARKETING_VERSION = 1.0;
				PRODUCT_BUNDLE_IDENTIFIER = "com.danah.My-App";
				PRODUCT_NAME = "$(TARGET_NAME)";
				SWIFT_EMIT_LOC_STRINGS = YES;
				SWIFT_VERSION = 5.0;
				TARGETED_DEVICE_FAMILY = "1,2";
			};
			name = Release;
		};
/* End XCBuildConfiguration section */

/* Begin XCConfigurationList section */
		D0E59EFB2761EE6500EB3D2A /* Build configuration list for PBXProject "My App" */ = {
			isa = XCConfigurationList;
			buildConfigurations = (
				D0E59F122761EE6700EB3D2A /* Debug */,
				D0E59F132761EE6700EB3D2A /* Release */,
			);
			defaultConfigurationIsVisible = 0;
			defaultConfigurationName = Release;
		};
		D0E59F142761EE6700EB3D2A /* Build configuration list for PBXNativeTarget "My App" */ = {
			isa = XCConfigurationList;
			buildConfigurations = (
				D0E59F152761EE6700EB3D2A /* Debug */,
				D0E59F162761EE6700EB3D2A /* Release */,
			);
			defaultConfigurationIsVisible = 0;
			defaultConfigurationName = Release;
		};
/* End XCConfigurationList section */
	};
	rootObject = D0E59EF82761EE6500EB3D2A /* Project object */;
}
