// !$*UTF8*$!
{
	archiveVersion = 1;
	classes = {
	};
	objectVersion = 55;
	objects = {

/* Begin PBXBuildFile section */
		D0168D0127900CC200B48610 /* ResCell.swift in Sources */ = {isa = PBXBuildFile; fileRef = D0168D0027900CC200B48610 /* ResCell.swift */; };
		D0168D072790172300B48610 /* RestaurantReservationVC.swift in Sources */ = {isa = PBXBuildFile; fileRef = D0168D062790172300B48610 /* RestaurantReservationVC.swift */; };
		D0168D092790172800B48610 /* AddReservationVC.swift in Sources */ = {isa = PBXBuildFile; fileRef = D0168D082790172800B48610 /* AddReservationVC.swift */; };
		D02B40062786CCD4009EBC53 /* Constants.swift in Sources */ = {isa = PBXBuildFile; fileRef = D02B40052786CCD4009EBC53 /* Constants.swift */; };
		D05D4A22278B004700D0DDB8 /* STButtons+Ext.swift in Sources */ = {isa = PBXBuildFile; fileRef = D05D4A21278B004700D0DDB8 /* STButtons+Ext.swift */; };
		D05D4A24278B047000D0DDB8 /* AddDescriptionVC.swift in Sources */ = {isa = PBXBuildFile; fileRef = D05D4A23278B046F00D0DDB8 /* AddDescriptionVC.swift */; };
		D05D4A26278B0AFC00D0DDB8 /* Keyboard+Ext.swift in Sources */ = {isa = PBXBuildFile; fileRef = D05D4A25278B0AFC00D0DDB8 /* Keyboard+Ext.swift */; };
		D0AD78C9278DB837001AB8D5 /* UserProfile.swift in Sources */ = {isa = PBXBuildFile; fileRef = D0AD78C8278DB837001AB8D5 /* UserProfile.swift */; };
		D0AF58B9278EF69F00E6A253 /* RestCell.swift in Sources */ = {isa = PBXBuildFile; fileRef = D0AF58B8278EF69F00E6A253 /* RestCell.swift */; };
		D0AF58C1278EF8ED00E6A253 /* Reservations.swift in Sources */ = {isa = PBXBuildFile; fileRef = D0AF58C0278EF8ED00E6A253 /* Reservations.swift */; };
		D0AF58C3278EFC2800E6A253 /* RestaurantDetailVC.swift in Sources */ = {isa = PBXBuildFile; fileRef = D0AF58C2278EFC2800E6A253 /* RestaurantDetailVC.swift */; };
		D0D499EC2785D50400E209F9 /* AppDelegate.swift in Sources */ = {isa = PBXBuildFile; fileRef = D0D499EB2785D50400E209F9 /* AppDelegate.swift */; };
		D0D499EE2785D50400E209F9 /* SceneDelegate.swift in Sources */ = {isa = PBXBuildFile; fileRef = D0D499ED2785D50400E209F9 /* SceneDelegate.swift */; };
		D0D499F32785D50400E209F9 /* Main.storyboard in Resources */ = {isa = PBXBuildFile; fileRef = D0D499F12785D50400E209F9 /* Main.storyboard */; };
		D0D499F52785D50800E209F9 /* Assets.xcassets in Resources */ = {isa = PBXBuildFile; fileRef = D0D499F42785D50800E209F9 /* Assets.xcassets */; };
		D0D499F82785D50800E209F9 /* LaunchScreen.storyboard in Resources */ = {isa = PBXBuildFile; fileRef = D0D499F62785D50800E209F9 /* LaunchScreen.storyboard */; };
		D0D49A012785D57700E209F9 /* FirebaseAnalytics in Frameworks */ = {isa = PBXBuildFile; productRef = D0D49A002785D57700E209F9 /* FirebaseAnalytics */; };
		D0D49A032785D57700E209F9 /* FirebaseAuth in Frameworks */ = {isa = PBXBuildFile; productRef = D0D49A022785D57700E209F9 /* FirebaseAuth */; };
		D0D49A052785D57700E209F9 /* FirebaseFirestore in Frameworks */ = {isa = PBXBuildFile; productRef = D0D49A042785D57700E209F9 /* FirebaseFirestore */; };
		D0D49A072785D57700E209F9 /* FirebaseStorage in Frameworks */ = {isa = PBXBuildFile; productRef = D0D49A062785D57700E209F9 /* FirebaseStorage */; };
		D0D49A092785D58C00E209F9 /* UIView.swift in Sources */ = {isa = PBXBuildFile; fileRef = D0D49A082785D58C00E209F9 /* UIView.swift */; };
		D0D49A0B2785D59000E209F9 /* STColors+Ext.swift in Sources */ = {isa = PBXBuildFile; fileRef = D0D49A0A2785D59000E209F9 /* STColors+Ext.swift */; };
		D0D49A0E2785D59A00E209F9 /* RestaurentModel.swift in Sources */ = {isa = PBXBuildFile; fileRef = D0D49A0D2785D59A00E209F9 /* RestaurentModel.swift */; };
		D0D49A132785D5E000E209F9 /* CreateAccountForUserVC.swift in Sources */ = {isa = PBXBuildFile; fileRef = D0D49A102785D5E000E209F9 /* CreateAccountForUserVC.swift */; };
		D0D49A142785D5E000E209F9 /* LoginUserVC.swift in Sources */ = {isa = PBXBuildFile; fileRef = D0D49A112785D5E000E209F9 /* LoginUserVC.swift */; };
		D0D49A152785D5E000E209F9 /* WelcomeVC.swift in Sources */ = {isa = PBXBuildFile; fileRef = D0D49A122785D5E000E209F9 /* WelcomeVC.swift */; };
		D0D49A1A2785D5EB00E209F9 /* CreateAccountForRestVC.swift in Sources */ = {isa = PBXBuildFile; fileRef = D0D49A172785D5EB00E209F9 /* CreateAccountForRestVC.swift */; };
		D0D49A1B2785D5EB00E209F9 /* LoginRestVC.swift in Sources */ = {isa = PBXBuildFile; fileRef = D0D49A182785D5EB00E209F9 /* LoginRestVC.swift */; };
		D0D49A1C2785D5EB00E209F9 /* restaurantWelcomeScreen.swift in Sources */ = {isa = PBXBuildFile; fileRef = D0D49A192785D5EB00E209F9 /* restaurantWelcomeScreen.swift */; };
		D0D4E4A52786E6F5003F2565 /* GoogleService-Info.plist in Resources */ = {isa = PBXBuildFile; fileRef = D0D4E4A42786E6F5003F2565 /* GoogleService-Info.plist */; };
		D0D4E4A72786FBAD003F2565 /* MainTF 3.swift in Sources */ = {isa = PBXBuildFile; fileRef = D0D4E4A62786FBAD003F2565 /* MainTF 3.swift */; };
		D0D4E4AE278705EB003F2565 /* RestaurentProfile.swift in Sources */ = {isa = PBXBuildFile; fileRef = D0D4E4AD278705EB003F2565 /* RestaurentProfile.swift */; };
		D0D4E4BC27871383003F2565 /* HomeVC.swift in Sources */ = {isa = PBXBuildFile; fileRef = D0D4E4BB27871383003F2565 /* HomeVC.swift */; };
		D0F522D3278D92F3009813A1 /* STTextView.swift in Sources */ = {isa = PBXBuildFile; fileRef = D0F522D2278D92F3009813A1 /* STTextView.swift */; };
/* End PBXBuildFile section */

/* Begin PBXFileReference section */
		D0168D0027900CC200B48610 /* ResCell.swift */ = {isa = PBXFileReference; lastKnownFileType = sourcecode.swift; path = ResCell.swift; sourceTree = "<group>"; };
		D0168D062790172300B48610 /* RestaurantReservationVC.swift */ = {isa = PBXFileReference; fileEncoding = 4; lastKnownFileType = sourcecode.swift; path = RestaurantReservationVC.swift; sourceTree = "<group>"; };
		D0168D082790172800B48610 /* AddReservationVC.swift */ = {isa = PBXFileReference; fileEncoding = 4; lastKnownFileType = sourcecode.swift; path = AddReservationVC.swift; sourceTree = "<group>"; };
		D02B40052786CCD4009EBC53 /* Constants.swift */ = {isa = PBXFileReference; fileEncoding = 4; lastKnownFileType = sourcecode.swift; path = Constants.swift; sourceTree = "<group>"; };
		D05D4A21278B004700D0DDB8 /* STButtons+Ext.swift */ = {isa = PBXFileReference; fileEncoding = 4; lastKnownFileType = sourcecode.swift; path = "STButtons+Ext.swift"; sourceTree = "<group>"; };
		D05D4A23278B046F00D0DDB8 /* AddDescriptionVC.swift */ = {isa = PBXFileReference; fileEncoding = 4; lastKnownFileType = sourcecode.swift; path = AddDescriptionVC.swift; sourceTree = "<group>"; };
		D05D4A25278B0AFC00D0DDB8 /* Keyboard+Ext.swift */ = {isa = PBXFileReference; lastKnownFileType = sourcecode.swift; path = "Keyboard+Ext.swift"; sourceTree = "<group>"; };
		D0AD78C8278DB837001AB8D5 /* UserProfile.swift */ = {isa = PBXFileReference; fileEncoding = 4; lastKnownFileType = sourcecode.swift; path = UserProfile.swift; sourceTree = "<group>"; };
		D0AF58B8278EF69F00E6A253 /* RestCell.swift */ = {isa = PBXFileReference; fileEncoding = 4; lastKnownFileType = sourcecode.swift; path = RestCell.swift; sourceTree = "<group>"; };
		D0AF58C0278EF8ED00E6A253 /* Reservations.swift */ = {isa = PBXFileReference; fileEncoding = 4; lastKnownFileType = sourcecode.swift; path = Reservations.swift; sourceTree = "<group>"; };
		D0AF58C2278EFC2800E6A253 /* RestaurantDetailVC.swift */ = {isa = PBXFileReference; lastKnownFileType = sourcecode.swift; path = RestaurantDetailVC.swift; sourceTree = "<group>"; };
		D0D499E82785D50400E209F9 /* SmartTable..app */ = {isa = PBXFileReference; explicitFileType = wrapper.application; includeInIndex = 0; path = SmartTable..app; sourceTree = BUILT_PRODUCTS_DIR; };
		D0D499EB2785D50400E209F9 /* AppDelegate.swift */ = {isa = PBXFileReference; lastKnownFileType = sourcecode.swift; path = AppDelegate.swift; sourceTree = "<group>"; };
		D0D499ED2785D50400E209F9 /* SceneDelegate.swift */ = {isa = PBXFileReference; lastKnownFileType = sourcecode.swift; path = SceneDelegate.swift; sourceTree = "<group>"; };
		D0D499F22785D50400E209F9 /* Base */ = {isa = PBXFileReference; lastKnownFileType = file.storyboard; name = Base; path = Base.lproj/Main.storyboard; sourceTree = "<group>"; };
		D0D499F42785D50800E209F9 /* Assets.xcassets */ = {isa = PBXFileReference; lastKnownFileType = folder.assetcatalog; path = Assets.xcassets; sourceTree = "<group>"; };
		D0D499F72785D50800E209F9 /* Base */ = {isa = PBXFileReference; lastKnownFileType = file.storyboard; name = Base; path = Base.lproj/LaunchScreen.storyboard; sourceTree = "<group>"; };
		D0D499F92785D50800E209F9 /* Info.plist */ = {isa = PBXFileReference; lastKnownFileType = text.plist.xml; path = Info.plist; sourceTree = "<group>"; };
		D0D49A082785D58C00E209F9 /* UIView.swift */ = {isa = PBXFileReference; fileEncoding = 4; lastKnownFileType = sourcecode.swift; path = UIView.swift; sourceTree = "<group>"; };
		D0D49A0A2785D59000E209F9 /* STColors+Ext.swift */ = {isa = PBXFileReference; fileEncoding = 4; lastKnownFileType = sourcecode.swift; path = "STColors+Ext.swift"; sourceTree = "<group>"; };
		D0D49A0D2785D59A00E209F9 /* RestaurentModel.swift */ = {isa = PBXFileReference; fileEncoding = 4; lastKnownFileType = sourcecode.swift; path = RestaurentModel.swift; sourceTree = "<group>"; };
		D0D49A102785D5E000E209F9 /* CreateAccountForUserVC.swift */ = {isa = PBXFileReference; fileEncoding = 4; lastKnownFileType = sourcecode.swift; path = CreateAccountForUserVC.swift; sourceTree = "<group>"; };
		D0D49A112785D5E000E209F9 /* LoginUserVC.swift */ = {isa = PBXFileReference; fileEncoding = 4; lastKnownFileType = sourcecode.swift; path = LoginUserVC.swift; sourceTree = "<group>"; };
		D0D49A122785D5E000E209F9 /* WelcomeVC.swift */ = {isa = PBXFileReference; fileEncoding = 4; lastKnownFileType = sourcecode.swift; path = WelcomeVC.swift; sourceTree = "<group>"; };
		D0D49A172785D5EB00E209F9 /* CreateAccountForRestVC.swift */ = {isa = PBXFileReference; fileEncoding = 4; lastKnownFileType = sourcecode.swift; path = CreateAccountForRestVC.swift; sourceTree = "<group>"; };
		D0D49A182785D5EB00E209F9 /* LoginRestVC.swift */ = {isa = PBXFileReference; fileEncoding = 4; lastKnownFileType = sourcecode.swift; path = LoginRestVC.swift; sourceTree = "<group>"; };
		D0D49A192785D5EB00E209F9 /* restaurantWelcomeScreen.swift */ = {isa = PBXFileReference; fileEncoding = 4; lastKnownFileType = sourcecode.swift; path = restaurantWelcomeScreen.swift; sourceTree = "<group>"; };
		D0D4E4A42786E6F5003F2565 /* GoogleService-Info.plist */ = {isa = PBXFileReference; fileEncoding = 4; lastKnownFileType = text.plist.xml; path = "GoogleService-Info.plist"; sourceTree = "<group>"; };
		D0D4E4A62786FBAD003F2565 /* MainTF 3.swift */ = {isa = PBXFileReference; fileEncoding = 4; lastKnownFileType = sourcecode.swift; path = "MainTF 3.swift"; sourceTree = "<group>"; };
		D0D4E4AD278705EB003F2565 /* RestaurentProfile.swift */ = {isa = PBXFileReference; fileEncoding = 4; lastKnownFileType = sourcecode.swift; path = RestaurentProfile.swift; sourceTree = "<group>"; };
		D0D4E4BB27871383003F2565 /* HomeVC.swift */ = {isa = PBXFileReference; fileEncoding = 4; lastKnownFileType = sourcecode.swift; path = HomeVC.swift; sourceTree = "<group>"; };
		D0F522D2278D92F3009813A1 /* STTextView.swift */ = {isa = PBXFileReference; fileEncoding = 4; lastKnownFileType = sourcecode.swift; path = STTextView.swift; sourceTree = "<group>"; };
/* End PBXFileReference section */

/* Begin PBXFrameworksBuildPhase section */
		D0D499E52785D50400E209F9 /* Frameworks */ = {
			isa = PBXFrameworksBuildPhase;
			buildActionMask = 2147483647;
			files = (
				D0D49A012785D57700E209F9 /* FirebaseAnalytics in Frameworks */,
				D0D49A072785D57700E209F9 /* FirebaseStorage in Frameworks */,
				D0D49A032785D57700E209F9 /* FirebaseAuth in Frameworks */,
				D0D49A052785D57700E209F9 /* FirebaseFirestore in Frameworks */,
			);
			runOnlyForDeploymentPostprocessing = 0;
		};
/* End PBXFrameworksBuildPhase section */

/* Begin PBXGroup section */
		D05D4A27278B14E600D0DDB8 /* Help */ = {
			isa = PBXGroup;
			children = (
				D0D4E4A62786FBAD003F2565 /* MainTF 3.swift */,
				D0D49A082785D58C00E209F9 /* UIView.swift */,
			);
			path = Help;
			sourceTree = "<group>";
		};
		D05D4A28278B152300D0DDB8 /* Extension */ = {
			isa = PBXGroup;
			children = (
				D02B40052786CCD4009EBC53 /* Constants.swift */,
				D05D4A21278B004700D0DDB8 /* STButtons+Ext.swift */,
				D0D49A0A2785D59000E209F9 /* STColors+Ext.swift */,
				D0F522D2278D92F3009813A1 /* STTextView.swift */,
				D05D4A25278B0AFC00D0DDB8 /* Keyboard+Ext.swift */,
			);
			path = Extension;
			sourceTree = "<group>";
		};
		D0D499DF2785D50400E209F9 = {
			isa = PBXGroup;
			children = (
				D0D499EA2785D50400E209F9 /* SmartTable. */,
				D0D499E92785D50400E209F9 /* Products */,
			);
			sourceTree = "<group>";
		};
		D0D499E92785D50400E209F9 /* Products */ = {
			isa = PBXGroup;
			children = (
				D0D499E82785D50400E209F9 /* SmartTable..app */,
			);
			name = Products;
			sourceTree = "<group>";
		};
		D0D499EA2785D50400E209F9 /* SmartTable. */ = {
			isa = PBXGroup;
			children = (
				D05D4A27278B14E600D0DDB8 /* Help */,
				D05D4A28278B152300D0DDB8 /* Extension */,
				D0D4E4A827870516003F2565 /* Cells */,
				D0D49A0C2785D59A00E209F9 /* Model */,
				D0D49A1D2785D5FE00E209F9 /* ViewController */,
				D0D499ED2785D50400E209F9 /* SceneDelegate.swift */,
				D0D499EB2785D50400E209F9 /* AppDelegate.swift */,
				D0D499F12785D50400E209F9 /* Main.storyboard */,
				D0D499F42785D50800E209F9 /* Assets.xcassets */,
				D0D499F62785D50800E209F9 /* LaunchScreen.storyboard */,
				D0D4E4A42786E6F5003F2565 /* GoogleService-Info.plist */,
				D0D499F92785D50800E209F9 /* Info.plist */,
			);
			path = SmartTable.;
			sourceTree = "<group>";
		};
		D0D49A0C2785D59A00E209F9 /* Model */ = {
			isa = PBXGroup;
			children = (
				D0AF58C0278EF8ED00E6A253 /* Reservations.swift */,
				D0D49A0D2785D59A00E209F9 /* RestaurentModel.swift */,
			);
			path = Model;
			sourceTree = "<group>";
		};
		D0D49A0F2785D5E000E209F9 /* Customer Screens */ = {
			isa = PBXGroup;
			children = (
				D0D49A102785D5E000E209F9 /* CreateAccountForUserVC.swift */,
				D0D49A112785D5E000E209F9 /* LoginUserVC.swift */,
				D0AD78C8278DB837001AB8D5 /* UserProfile.swift */,
				D0D49A122785D5E000E209F9 /* WelcomeVC.swift */,
			);
			path = "Customer Screens";
			sourceTree = "<group>";
		};
		D0D49A162785D5EB00E209F9 /* Restaurant Screens */ = {
			isa = PBXGroup;
			children = (
				D0D4E4AD278705EB003F2565 /* RestaurentProfile.swift */,
				D0D49A172785D5EB00E209F9 /* CreateAccountForRestVC.swift */,
				D05D4A23278B046F00D0DDB8 /* AddDescriptionVC.swift */,
				D0D49A182785D5EB00E209F9 /* LoginRestVC.swift */,
				D0D49A192785D5EB00E209F9 /* restaurantWelcomeScreen.swift */,
				D0AF58C2278EFC2800E6A253 /* RestaurantDetailVC.swift */,
				D0168D082790172800B48610 /* AddReservationVC.swift */,
				D0168D062790172300B48610 /* RestaurantReservationVC.swift */,
			);
			path = "Restaurant Screens";
			sourceTree = "<group>";
		};
		D0D49A1D2785D5FE00E209F9 /* ViewController */ = {
			isa = PBXGroup;
			children = (
				D0D4E4BB27871383003F2565 /* HomeVC.swift */,
				D0D49A0F2785D5E000E209F9 /* Customer Screens */,
				D0D49A162785D5EB00E209F9 /* Restaurant Screens */,
			);
			path = ViewController;
			sourceTree = "<group>";
		};
		D0D4E4A827870516003F2565 /* Cells */ = {
			isa = PBXGroup;
			children = (
				D0AF58B8278EF69F00E6A253 /* RestCell.swift */,
				D0168D0027900CC200B48610 /* ResCell.swift */,
			);
			path = Cells;
			sourceTree = "<group>";
		};
/* End PBXGroup section */

/* Begin PBXNativeTarget section */
		D0D499E72785D50400E209F9 /* SmartTable. */ = {
			isa = PBXNativeTarget;
			buildConfigurationList = D0D499FC2785D50800E209F9 /* Build configuration list for PBXNativeTarget "SmartTable." */;
			buildPhases = (
				D0D499E42785D50400E209F9 /* Sources */,
				D0D499E52785D50400E209F9 /* Frameworks */,
				D0D499E62785D50400E209F9 /* Resources */,
			);
			buildRules = (
			);
			dependencies = (
			);
			name = SmartTable.;
			packageProductDependencies = (
				D0D49A002785D57700E209F9 /* FirebaseAnalytics */,
				D0D49A022785D57700E209F9 /* FirebaseAuth */,
				D0D49A042785D57700E209F9 /* FirebaseFirestore */,
				D0D49A062785D57700E209F9 /* FirebaseStorage */,
			);
			productName = SmartTable.;
			productReference = D0D499E82785D50400E209F9 /* SmartTable..app */;
			productType = "com.apple.product-type.application";
		};
/* End PBXNativeTarget section */

/* Begin PBXProject section */
		D0D499E02785D50400E209F9 /* Project object */ = {
			isa = PBXProject;
			attributes = {
				BuildIndependentTargetsInParallel = 1;
				LastSwiftUpdateCheck = 1310;
				LastUpgradeCheck = 1310;
				TargetAttributes = {
					D0D499E72785D50400E209F9 = {
						CreatedOnToolsVersion = 13.1;
					};
				};
			};
			buildConfigurationList = D0D499E32785D50400E209F9 /* Build configuration list for PBXProject "SmartTable." */;
			compatibilityVersion = "Xcode 13.0";
			developmentRegion = en;
			hasScannedForEncodings = 0;
			knownRegions = (
				en,
				Base,
			);
			mainGroup = D0D499DF2785D50400E209F9;
			packageReferences = (
				D0D499FF2785D57700E209F9 /* XCRemoteSwiftPackageReference "firebase-ios-sdk" */,
			);
			productRefGroup = D0D499E92785D50400E209F9 /* Products */;
			projectDirPath = "";
			projectRoot = "";
			targets = (
				D0D499E72785D50400E209F9 /* SmartTable. */,
			);
		};
/* End PBXProject section */

/* Begin PBXResourcesBuildPhase section */
		D0D499E62785D50400E209F9 /* Resources */ = {
			isa = PBXResourcesBuildPhase;
			buildActionMask = 2147483647;
			files = (
				D0D499F82785D50800E209F9 /* LaunchScreen.storyboard in Resources */,
				D0D4E4A52786E6F5003F2565 /* GoogleService-Info.plist in Resources */,
				D0D499F52785D50800E209F9 /* Assets.xcassets in Resources */,
				D0D499F32785D50400E209F9 /* Main.storyboard in Resources */,
			);
			runOnlyForDeploymentPostprocessing = 0;
		};
/* End PBXResourcesBuildPhase section */

/* Begin PBXSourcesBuildPhase section */
		D0D499E42785D50400E209F9 /* Sources */ = {
			isa = PBXSourcesBuildPhase;
			buildActionMask = 2147483647;
			files = (
				D0D49A092785D58C00E209F9 /* UIView.swift in Sources */,
				D0D4E4BC27871383003F2565 /* HomeVC.swift in Sources */,
				D0168D072790172300B48610 /* RestaurantReservationVC.swift in Sources */,
				D0AD78C9278DB837001AB8D5 /* UserProfile.swift in Sources */,
				D0F522D3278D92F3009813A1 /* STTextView.swift in Sources */,
				D0D49A1B2785D5EB00E209F9 /* LoginRestVC.swift in Sources */,
				D0D499EC2785D50400E209F9 /* AppDelegate.swift in Sources */,
				D0D499EE2785D50400E209F9 /* SceneDelegate.swift in Sources */,
				D0AF58C3278EFC2800E6A253 /* RestaurantDetailVC.swift in Sources */,
				D0D49A132785D5E000E209F9 /* CreateAccountForUserVC.swift in Sources */,
				D0D49A142785D5E000E209F9 /* LoginUserVC.swift in Sources */,
				D02B40062786CCD4009EBC53 /* Constants.swift in Sources */,
				D0D49A152785D5E000E209F9 /* WelcomeVC.swift in Sources */,
				D0D49A0E2785D59A00E209F9 /* RestaurentModel.swift in Sources */,
				D0D4E4AE278705EB003F2565 /* RestaurentProfile.swift in Sources */,
				D0D49A1C2785D5EB00E209F9 /* restaurantWelcomeScreen.swift in Sources */,
				D0AF58C1278EF8ED00E6A253 /* Reservations.swift in Sources */,
				D0168D092790172800B48610 /* AddReservationVC.swift in Sources */,
				D0D49A1A2785D5EB00E209F9 /* CreateAccountForRestVC.swift in Sources */,
				D05D4A22278B004700D0DDB8 /* STButtons+Ext.swift in Sources */,
				D0168D0127900CC200B48610 /* ResCell.swift in Sources */,
				D0D49A0B2785D59000E209F9 /* STColors+Ext.swift in Sources */,
				D0D4E4A72786FBAD003F2565 /* MainTF 3.swift in Sources */,
				D05D4A26278B0AFC00D0DDB8 /* Keyboard+Ext.swift in Sources */,
				D05D4A24278B047000D0DDB8 /* AddDescriptionVC.swift in Sources */,
				D0AF58B9278EF69F00E6A253 /* RestCell.swift in Sources */,
			);
			runOnlyForDeploymentPostprocessing = 0;
		};
/* End PBXSourcesBuildPhase section */

/* Begin PBXVariantGroup section */
		D0D499F12785D50400E209F9 /* Main.storyboard */ = {
			isa = PBXVariantGroup;
			children = (
				D0D499F22785D50400E209F9 /* Base */,
			);
			name = Main.storyboard;
			sourceTree = "<group>";
		};
		D0D499F62785D50800E209F9 /* LaunchScreen.storyboard */ = {
			isa = PBXVariantGroup;
			children = (
				D0D499F72785D50800E209F9 /* Base */,
			);
			name = LaunchScreen.storyboard;
			sourceTree = "<group>";
		};
/* End PBXVariantGroup section */

/* Begin XCBuildConfiguration section */
		D0D499FA2785D50800E209F9 /* Debug */ = {
			isa = XCBuildConfiguration;
			buildSettings = {
				ALWAYS_SEARCH_USER_PATHS = NO;
				CLANG_ANALYZER_NONNULL = YES;
				CLANG_ANALYZER_NUMBER_OBJECT_CONVERSION = YES_AGGRESSIVE;
				CLANG_CXX_LANGUAGE_STANDARD = "gnu++17";
				CLANG_CXX_LIBRARY = "libc++";
				CLANG_ENABLE_MODULES = YES;
				CLANG_ENABLE_OBJC_ARC = YES;
				CLANG_ENABLE_OBJC_WEAK = YES;
				CLANG_WARN_BLOCK_CAPTURE_AUTORELEASING = YES;
				CLANG_WARN_BOOL_CONVERSION = YES;
				CLANG_WARN_COMMA = YES;
				CLANG_WARN_CONSTANT_CONVERSION = YES;
				CLANG_WARN_DEPRECATED_OBJC_IMPLEMENTATIONS = YES;
				CLANG_WARN_DIRECT_OBJC_ISA_USAGE = YES_ERROR;
				CLANG_WARN_DOCUMENTATION_COMMENTS = YES;
				CLANG_WARN_EMPTY_BODY = YES;
				CLANG_WARN_ENUM_CONVERSION = YES;
				CLANG_WARN_INFINITE_RECURSION = YES;
				CLANG_WARN_INT_CONVERSION = YES;
				CLANG_WARN_NON_LITERAL_NULL_CONVERSION = YES;
				CLANG_WARN_OBJC_IMPLICIT_RETAIN_SELF = YES;
				CLANG_WARN_OBJC_LITERAL_CONVERSION = YES;
				CLANG_WARN_OBJC_ROOT_CLASS = YES_ERROR;
				CLANG_WARN_QUOTED_INCLUDE_IN_FRAMEWORK_HEADER = YES;
				CLANG_WARN_RANGE_LOOP_ANALYSIS = YES;
				CLANG_WARN_STRICT_PROTOTYPES = YES;
				CLANG_WARN_SUSPICIOUS_MOVE = YES;
				CLANG_WARN_UNGUARDED_AVAILABILITY = YES_AGGRESSIVE;
				CLANG_WARN_UNREACHABLE_CODE = YES;
				CLANG_WARN__DUPLICATE_METHOD_MATCH = YES;
				COPY_PHASE_STRIP = NO;
				DEBUG_INFORMATION_FORMAT = dwarf;
				ENABLE_STRICT_OBJC_MSGSEND = YES;
				ENABLE_TESTABILITY = YES;
				GCC_C_LANGUAGE_STANDARD = gnu11;
				GCC_DYNAMIC_NO_PIC = NO;
				GCC_NO_COMMON_BLOCKS = YES;
				GCC_OPTIMIZATION_LEVEL = 0;
				GCC_PREPROCESSOR_DEFINITIONS = (
					"DEBUG=1",
					"$(inherited)",
				);
				GCC_WARN_64_TO_32_BIT_CONVERSION = YES;
				GCC_WARN_ABOUT_RETURN_TYPE = YES_ERROR;
				GCC_WARN_UNDECLARED_SELECTOR = YES;
				GCC_WARN_UNINITIALIZED_AUTOS = YES_AGGRESSIVE;
				GCC_WARN_UNUSED_FUNCTION = YES;
				GCC_WARN_UNUSED_VARIABLE = YES;
				IPHONEOS_DEPLOYMENT_TARGET = 15.0;
				MTL_ENABLE_DEBUG_INFO = INCLUDE_SOURCE;
				MTL_FAST_MATH = YES;
				ONLY_ACTIVE_ARCH = YES;
				SDKROOT = iphoneos;
				SWIFT_ACTIVE_COMPILATION_CONDITIONS = DEBUG;
				SWIFT_OPTIMIZATION_LEVEL = "-Onone";
			};
			name = Debug;
		};
		D0D499FB2785D50800E209F9 /* Release */ = {
			isa = XCBuildConfiguration;
			buildSettings = {
				ALWAYS_SEARCH_USER_PATHS = NO;
				CLANG_ANALYZER_NONNULL = YES;
				CLANG_ANALYZER_NUMBER_OBJECT_CONVERSION = YES_AGGRESSIVE;
				CLANG_CXX_LANGUAGE_STANDARD = "gnu++17";
				CLANG_CXX_LIBRARY = "libc++";
				CLANG_ENABLE_MODULES = YES;
				CLANG_ENABLE_OBJC_ARC = YES;
				CLANG_ENABLE_OBJC_WEAK = YES;
				CLANG_WARN_BLOCK_CAPTURE_AUTORELEASING = YES;
				CLANG_WARN_BOOL_CONVERSION = YES;
				CLANG_WARN_COMMA = YES;
				CLANG_WARN_CONSTANT_CONVERSION = YES;
				CLANG_WARN_DEPRECATED_OBJC_IMPLEMENTATIONS = YES;
				CLANG_WARN_DIRECT_OBJC_ISA_USAGE = YES_ERROR;
				CLANG_WARN_DOCUMENTATION_COMMENTS = YES;
				CLANG_WARN_EMPTY_BODY = YES;
				CLANG_WARN_ENUM_CONVERSION = YES;
				CLANG_WARN_INFINITE_RECURSION = YES;
				CLANG_WARN_INT_CONVERSION = YES;
				CLANG_WARN_NON_LITERAL_NULL_CONVERSION = YES;
				CLANG_WARN_OBJC_IMPLICIT_RETAIN_SELF = YES;
				CLANG_WARN_OBJC_LITERAL_CONVERSION = YES;
				CLANG_WARN_OBJC_ROOT_CLASS = YES_ERROR;
				CLANG_WARN_QUOTED_INCLUDE_IN_FRAMEWORK_HEADER = YES;
				CLANG_WARN_RANGE_LOOP_ANALYSIS = YES;
				CLANG_WARN_STRICT_PROTOTYPES = YES;
				CLANG_WARN_SUSPICIOUS_MOVE = YES;
				CLANG_WARN_UNGUARDED_AVAILABILITY = YES_AGGRESSIVE;
				CLANG_WARN_UNREACHABLE_CODE = YES;
				CLANG_WARN__DUPLICATE_METHOD_MATCH = YES;
				COPY_PHASE_STRIP = NO;
				DEBUG_INFORMATION_FORMAT = "dwarf-with-dsym";
				ENABLE_NS_ASSERTIONS = NO;
				ENABLE_STRICT_OBJC_MSGSEND = YES;
				GCC_C_LANGUAGE_STANDARD = gnu11;
				GCC_NO_COMMON_BLOCKS = YES;
				GCC_WARN_64_TO_32_BIT_CONVERSION = YES;
				GCC_WARN_ABOUT_RETURN_TYPE = YES_ERROR;
				GCC_WARN_UNDECLARED_SELECTOR = YES;
				GCC_WARN_UNINITIALIZED_AUTOS = YES_AGGRESSIVE;
				GCC_WARN_UNUSED_FUNCTION = YES;
				GCC_WARN_UNUSED_VARIABLE = YES;
				IPHONEOS_DEPLOYMENT_TARGET = 15.0;
				MTL_ENABLE_DEBUG_INFO = NO;
				MTL_FAST_MATH = YES;
				SDKROOT = iphoneos;
				SWIFT_COMPILATION_MODE = wholemodule;
				SWIFT_OPTIMIZATION_LEVEL = "-O";
				VALIDATE_PRODUCT = YES;
			};
			name = Release;
		};
		D0D499FD2785D50800E209F9 /* Debug */ = {
			isa = XCBuildConfiguration;
			buildSettings = {
				ASSETCATALOG_COMPILER_APPICON_NAME = AppIcon;
				ASSETCATALOG_COMPILER_GLOBAL_ACCENT_COLOR_NAME = AccentColor;
				CODE_SIGN_STYLE = Automatic;
				CURRENT_PROJECT_VERSION = 1;
				DEVELOPMENT_TEAM = Z8U674F97U;
				GENERATE_INFOPLIST_FILE = YES;
				INFOPLIST_FILE = SmartTable./Info.plist;
				INFOPLIST_KEY_UIApplicationSupportsIndirectInputEvents = YES;
				INFOPLIST_KEY_UILaunchStoryboardName = LaunchScreen;
				INFOPLIST_KEY_UIMainStoryboardFile = Main;
				INFOPLIST_KEY_UISupportedInterfaceOrientations_iPad = "UIInterfaceOrientationPortrait UIInterfaceOrientationPortraitUpsideDown UIInterfaceOrientationLandscapeLeft UIInterfaceOrientationLandscapeRight";
				INFOPLIST_KEY_UISupportedInterfaceOrientations_iPhone = "UIInterfaceOrientationPortrait UIInterfaceOrientationLandscapeLeft UIInterfaceOrientationLandscapeRight";
				LD_RUNPATH_SEARCH_PATHS = (
					"$(inherited)",
					"@executable_path/Frameworks",
				);
				MARKETING_VERSION = 1.0;
				PRODUCT_BUNDLE_IDENTIFIER = "com.danah.SmartTable-";
				PRODUCT_NAME = "$(TARGET_NAME)";
				SWIFT_EMIT_LOC_STRINGS = YES;
				SWIFT_VERSION = 5.0;
				TARGETED_DEVICE_FAMILY = "1,2";
			};
			name = Debug;
		};
		D0D499FE2785D50800E209F9 /* Release */ = {
			isa = XCBuildConfiguration;
			buildSettings = {
				ASSETCATALOG_COMPILER_APPICON_NAME = AppIcon;
				ASSETCATALOG_COMPILER_GLOBAL_ACCENT_COLOR_NAME = AccentColor;
				CODE_SIGN_STYLE = Automatic;
				CURRENT_PROJECT_VERSION = 1;
				DEVELOPMENT_TEAM = Z8U674F97U;
				GENERATE_INFOPLIST_FILE = YES;
				INFOPLIST_FILE = SmartTable./Info.plist;
				INFOPLIST_KEY_UIApplicationSupportsIndirectInputEvents = YES;
				INFOPLIST_KEY_UILaunchStoryboardName = LaunchScreen;
				INFOPLIST_KEY_UIMainStoryboardFile = Main;
				INFOPLIST_KEY_UISupportedInterfaceOrientations_iPad = "UIInterfaceOrientationPortrait UIInterfaceOrientationPortraitUpsideDown UIInterfaceOrientationLandscapeLeft UIInterfaceOrientationLandscapeRight";
				INFOPLIST_KEY_UISupportedInterfaceOrientations_iPhone = "UIInterfaceOrientationPortrait UIInterfaceOrientationLandscapeLeft UIInterfaceOrientationLandscapeRight";
				LD_RUNPATH_SEARCH_PATHS = (
					"$(inherited)",
					"@executable_path/Frameworks",
				);
				MARKETING_VERSION = 1.0;
				PRODUCT_BUNDLE_IDENTIFIER = "com.danah.SmartTable-";
				PRODUCT_NAME = "$(TARGET_NAME)";
				SWIFT_EMIT_LOC_STRINGS = YES;
				SWIFT_VERSION = 5.0;
				TARGETED_DEVICE_FAMILY = "1,2";
			};
			name = Release;
		};
/* End XCBuildConfiguration section */

/* Begin XCConfigurationList section */
		D0D499E32785D50400E209F9 /* Build configuration list for PBXProject "SmartTable." */ = {
			isa = XCConfigurationList;
			buildConfigurations = (
				D0D499FA2785D50800E209F9 /* Debug */,
				D0D499FB2785D50800E209F9 /* Release */,
			);
			defaultConfigurationIsVisible = 0;
			defaultConfigurationName = Release;
		};
		D0D499FC2785D50800E209F9 /* Build configuration list for PBXNativeTarget "SmartTable." */ = {
			isa = XCConfigurationList;
			buildConfigurations = (
				D0D499FD2785D50800E209F9 /* Debug */,
				D0D499FE2785D50800E209F9 /* Release */,
			);
			defaultConfigurationIsVisible = 0;
			defaultConfigurationName = Release;
		};
/* End XCConfigurationList section */

/* Begin XCRemoteSwiftPackageReference section */
		D0D499FF2785D57700E209F9 /* XCRemoteSwiftPackageReference "firebase-ios-sdk" */ = {
			isa = XCRemoteSwiftPackageReference;
			repositoryURL = "https://github.com/firebase/firebase-ios-sdk";
			requirement = {
				kind = exactVersion;
				version = 8.10.0;
			};
		};
/* End XCRemoteSwiftPackageReference section */

/* Begin XCSwiftPackageProductDependency section */
		D0D49A002785D57700E209F9 /* FirebaseAnalytics */ = {
			isa = XCSwiftPackageProductDependency;
			package = D0D499FF2785D57700E209F9 /* XCRemoteSwiftPackageReference "firebase-ios-sdk" */;
			productName = FirebaseAnalytics;
		};
		D0D49A022785D57700E209F9 /* FirebaseAuth */ = {
			isa = XCSwiftPackageProductDependency;
			package = D0D499FF2785D57700E209F9 /* XCRemoteSwiftPackageReference "firebase-ios-sdk" */;
			productName = FirebaseAuth;
		};
		D0D49A042785D57700E209F9 /* FirebaseFirestore */ = {
			isa = XCSwiftPackageProductDependency;
			package = D0D499FF2785D57700E209F9 /* XCRemoteSwiftPackageReference "firebase-ios-sdk" */;
			productName = FirebaseFirestore;
		};
		D0D49A062785D57700E209F9 /* FirebaseStorage */ = {
			isa = XCSwiftPackageProductDependency;
			package = D0D499FF2785D57700E209F9 /* XCRemoteSwiftPackageReference "firebase-ios-sdk" */;
			productName = FirebaseStorage;
		};
/* End XCSwiftPackageProductDependency section */
	};
	rootObject = D0D499E02785D50400E209F9 /* Project object */;
}
